// !$*UTF8*$!
{
	archiveVersion = 1;
	classes = {
	};
	objectVersion = 77;
	objects = {

/* Begin PBXBuildFile section */
		715E7D742D7791F000AD1371 /* SummaryEntity+CoreDataClass.swift in Sources */ = {isa = PBXBuildFile; fileRef = 715E7D702D7791F000AD1371 /* SummaryEntity+CoreDataClass.swift */; };
		715E7D752D7791F000AD1371 /* ColumnEntity+CoreDataClass.swift in Sources */ = {isa = PBXBuildFile; fileRef = 715E7D6A2D7791F000AD1371 /* ColumnEntity+CoreDataClass.swift */; };
		715E7D762D7791F000AD1371 /* SessionMetadataEntity+CoreDataProperties.swift in Sources */ = {isa = PBXBuildFile; fileRef = 715E7D6F2D7791F000AD1371 /* SessionMetadataEntity+CoreDataProperties.swift */; };
		715E7D772D7791F000AD1371 /* ColumnEntity+CoreDataProperties.swift in Sources */ = {isa = PBXBuildFile; fileRef = 715E7D6B2D7791F000AD1371 /* ColumnEntity+CoreDataProperties.swift */; };
		715E7D782D7791F000AD1371 /* BoardEntity+CoreDataProperties.swift in Sources */ = {isa = PBXBuildFile; fileRef = 715E7D692D7791F000AD1371 /* BoardEntity+CoreDataProperties.swift */; };
		715E7D792D7791F000AD1371 /* CommandEntity+CoreDataClass.swift in Sources */ = {isa = PBXBuildFile; fileRef = 715E7D6C2D7791F000AD1371 /* CommandEntity+CoreDataClass.swift */; };
		715E7D7A2D7791F000AD1371 /* BoardEntity+CoreDataClass.swift in Sources */ = {isa = PBXBuildFile; fileRef = 715E7D682D7791F000AD1371 /* BoardEntity+CoreDataClass.swift */; };
		715E7D7B2D7791F000AD1371 /* TaskEntity+CoreDataProperties.swift in Sources */ = {isa = PBXBuildFile; fileRef = 715E7D732D7791F000AD1371 /* TaskEntity+CoreDataProperties.swift */; };
		715E7D7C2D7791F000AD1371 /* CommandEntity+CoreDataProperties.swift in Sources */ = {isa = PBXBuildFile; fileRef = 715E7D6D2D7791F000AD1371 /* CommandEntity+CoreDataProperties.swift */; };
		715E7D7D2D7791F000AD1371 /* SessionMetadataEntity+CoreDataClass.swift in Sources */ = {isa = PBXBuildFile; fileRef = 715E7D6E2D7791F000AD1371 /* SessionMetadataEntity+CoreDataClass.swift */; };
		715E7D7E2D7791F000AD1371 /* AttachmentEntity+CoreDataProperties.swift in Sources */ = {isa = PBXBuildFile; fileRef = 715E7D672D7791F000AD1371 /* AttachmentEntity+CoreDataProperties.swift */; };
		715E7D7F2D7791F000AD1371 /* SummaryEntity+CoreDataProperties.swift in Sources */ = {isa = PBXBuildFile; fileRef = 715E7D712D7791F000AD1371 /* SummaryEntity+CoreDataProperties.swift */; };
		715E7D802D7791F000AD1371 /* TaskEntity+CoreDataClass.swift in Sources */ = {isa = PBXBuildFile; fileRef = 715E7D722D7791F000AD1371 /* TaskEntity+CoreDataClass.swift */; };
		715E7D812D7791F000AD1371 /* AttachmentEntity+CoreDataClass.swift in Sources */ = {isa = PBXBuildFile; fileRef = 715E7D662D7791F000AD1371 /* AttachmentEntity+CoreDataClass.swift */; };
		715E7D852D77B7FA00AD1371 /* CloudKitTestView.swift in Sources */ = {isa = PBXBuildFile; fileRef = 715E7D842D77B7FA00AD1371 /* CloudKitTestView.swift */; };
		715E7D8C2D77C5BA00AD1371 /* SessionTestView.swift in Sources */ = {isa = PBXBuildFile; fileRef = 715E7D8B2D77C5BA00AD1371 /* SessionTestView.swift */; };
		715E7D9A2D7A22EE00AD1371 /* AgentTypes.swift in Sources */ = {isa = PBXBuildFile; fileRef = 715E7D992D7A226A00AD1371 /* AgentTypes.swift */; };
		715E7D9C2D7A233300AD1371 /* MockAgent.swift in Sources */ = {isa = PBXBuildFile; fileRef = 715E7D9B2D7A233300AD1371 /* MockAgent.swift */; };
		715E7D9D2D7A235400AD1371 /* AIAgent.swift in Sources */ = {isa = PBXBuildFile; fileRef = 715E7D8E2D77F90A00AD1371 /* AIAgent.swift */; };
		71911E242D7A43BD00244EAB /* AIAgentCoordinator.swift in Sources */ = {isa = PBXBuildFile; fileRef = 712F6BB92D7A3EB7004CBFBC /* AIAgentCoordinator.swift */; };
		71911E252D7A43C800244EAB /* ContentView.swift in Sources */ = {isa = PBXBuildFile; fileRef = 712F6BBA2D7A3EDB004CBFBC /* ContentView.swift */; };
/* End PBXBuildFile section */

/* Begin PBXContainerItemProxy section */
		7178B6CD2D76197F000050CB /* PBXContainerItemProxy */ = {
			isa = PBXContainerItemProxy;
			containerPortal = 7178B6AF2D76197E000050CB /* Project object */;
			proxyType = 1;
			remoteGlobalIDString = 7178B6B62D76197E000050CB;
			remoteInfo = JeevesApp;
		};
		7178B6D72D76197F000050CB /* PBXContainerItemProxy */ = {
			isa = PBXContainerItemProxy;
			containerPortal = 7178B6AF2D76197E000050CB /* Project object */;
			proxyType = 1;
			remoteGlobalIDString = 7178B6B62D76197E000050CB;
			remoteInfo = JeevesApp;
		};
/* End PBXContainerItemProxy section */

/* Begin PBXFileReference section */
		712F6BB92D7A3EB7004CBFBC /* AIAgentCoordinator.swift */ = {isa = PBXFileReference; lastKnownFileType = sourcecode.swift; path = AIAgentCoordinator.swift; sourceTree = "<group>"; };
		712F6BBA2D7A3EDB004CBFBC /* ContentView.swift */ = {isa = PBXFileReference; lastKnownFileType = sourcecode.swift; path = ContentView.swift; sourceTree = "<group>"; };
		715E7D662D7791F000AD1371 /* AttachmentEntity+CoreDataClass.swift */ = {isa = PBXFileReference; lastKnownFileType = sourcecode.swift; path = "AttachmentEntity+CoreDataClass.swift"; sourceTree = "<group>"; };
		715E7D672D7791F000AD1371 /* AttachmentEntity+CoreDataProperties.swift */ = {isa = PBXFileReference; lastKnownFileType = sourcecode.swift; path = "AttachmentEntity+CoreDataProperties.swift"; sourceTree = "<group>"; };
		715E7D682D7791F000AD1371 /* BoardEntity+CoreDataClass.swift */ = {isa = PBXFileReference; lastKnownFileType = sourcecode.swift; path = "BoardEntity+CoreDataClass.swift"; sourceTree = "<group>"; };
		715E7D692D7791F000AD1371 /* BoardEntity+CoreDataProperties.swift */ = {isa = PBXFileReference; lastKnownFileType = sourcecode.swift; path = "BoardEntity+CoreDataProperties.swift"; sourceTree = "<group>"; };
		715E7D6A2D7791F000AD1371 /* ColumnEntity+CoreDataClass.swift */ = {isa = PBXFileReference; lastKnownFileType = sourcecode.swift; path = "ColumnEntity+CoreDataClass.swift"; sourceTree = "<group>"; };
		715E7D6B2D7791F000AD1371 /* ColumnEntity+CoreDataProperties.swift */ = {isa = PBXFileReference; lastKnownFileType = sourcecode.swift; path = "ColumnEntity+CoreDataProperties.swift"; sourceTree = "<group>"; };
		715E7D6C2D7791F000AD1371 /* CommandEntity+CoreDataClass.swift */ = {isa = PBXFileReference; lastKnownFileType = sourcecode.swift; path = "CommandEntity+CoreDataClass.swift"; sourceTree = "<group>"; };
		715E7D6D2D7791F000AD1371 /* CommandEntity+CoreDataProperties.swift */ = {isa = PBXFileReference; lastKnownFileType = sourcecode.swift; path = "CommandEntity+CoreDataProperties.swift"; sourceTree = "<group>"; };
		715E7D6E2D7791F000AD1371 /* SessionMetadataEntity+CoreDataClass.swift */ = {isa = PBXFileReference; lastKnownFileType = sourcecode.swift; path = "SessionMetadataEntity+CoreDataClass.swift"; sourceTree = "<group>"; };
		715E7D6F2D7791F000AD1371 /* SessionMetadataEntity+CoreDataProperties.swift */ = {isa = PBXFileReference; lastKnownFileType = sourcecode.swift; path = "SessionMetadataEntity+CoreDataProperties.swift"; sourceTree = "<group>"; };
		715E7D702D7791F000AD1371 /* SummaryEntity+CoreDataClass.swift */ = {isa = PBXFileReference; lastKnownFileType = sourcecode.swift; path = "SummaryEntity+CoreDataClass.swift"; sourceTree = "<group>"; };
		715E7D712D7791F000AD1371 /* SummaryEntity+CoreDataProperties.swift */ = {isa = PBXFileReference; lastKnownFileType = sourcecode.swift; path = "SummaryEntity+CoreDataProperties.swift"; sourceTree = "<group>"; };
		715E7D722D7791F000AD1371 /* TaskEntity+CoreDataClass.swift */ = {isa = PBXFileReference; lastKnownFileType = sourcecode.swift; path = "TaskEntity+CoreDataClass.swift"; sourceTree = "<group>"; };
		715E7D732D7791F000AD1371 /* TaskEntity+CoreDataProperties.swift */ = {isa = PBXFileReference; lastKnownFileType = sourcecode.swift; path = "TaskEntity+CoreDataProperties.swift"; sourceTree = "<group>"; };
		715E7D842D77B7FA00AD1371 /* CloudKitTestView.swift */ = {isa = PBXFileReference; lastKnownFileType = sourcecode.swift; path = CloudKitTestView.swift; sourceTree = "<group>"; };
		715E7D8B2D77C5BA00AD1371 /* SessionTestView.swift */ = {isa = PBXFileReference; lastKnownFileType = sourcecode.swift; path = SessionTestView.swift; sourceTree = "<group>"; };
		715E7D8E2D77F90A00AD1371 /* AIAgent.swift */ = {isa = PBXFileReference; lastKnownFileType = sourcecode.swift; path = AIAgent.swift; sourceTree = "<group>"; };
		715E7D992D7A226A00AD1371 /* AgentTypes.swift */ = {isa = PBXFileReference; lastKnownFileType = sourcecode.swift; path = AgentTypes.swift; sourceTree = "<group>"; };
		715E7D9B2D7A233300AD1371 /* MockAgent.swift */ = {isa = PBXFileReference; lastKnownFileType = sourcecode.swift; path = MockAgent.swift; sourceTree = "<group>"; };
		7178B6B72D76197E000050CB /* JeevesApp.app */ = {isa = PBXFileReference; explicitFileType = wrapper.application; includeInIndex = 0; path = JeevesApp.app; sourceTree = BUILT_PRODUCTS_DIR; };
		7178B6CC2D76197F000050CB /* JeevesAppTests.xctest */ = {isa = PBXFileReference; explicitFileType = wrapper.cfbundle; includeInIndex = 0; path = JeevesAppTests.xctest; sourceTree = BUILT_PRODUCTS_DIR; };
		7178B6D62D76197F000050CB /* JeevesAppUITests.xctest */ = {isa = PBXFileReference; explicitFileType = wrapper.cfbundle; includeInIndex = 0; path = JeevesAppUITests.xctest; sourceTree = BUILT_PRODUCTS_DIR; };
/* End PBXFileReference section */

/* Begin PBXFileSystemSynchronizedBuildFileExceptionSet section */
		71911EA72D7AC2F900244EAB /* Exceptions for "JeevesApp" folder in "JeevesApp" target */ = {
			isa = PBXFileSystemSynchronizedBuildFileExceptionSet;
			membershipExceptions = (
				Info.plist,
			);
			target = 7178B6B62D76197E000050CB /* JeevesApp */;
		};
/* End PBXFileSystemSynchronizedBuildFileExceptionSet section */

/* Begin PBXFileSystemSynchronizedRootGroup section */
		7178B6B92D76197E000050CB /* JeevesApp */ = {
			isa = PBXFileSystemSynchronizedRootGroup;
			exceptions = (
				71911EA72D7AC2F900244EAB /* Exceptions for "JeevesApp" folder in "JeevesApp" target */,
			);
			path = JeevesApp;
			sourceTree = "<group>";
		};
		7178B6CF2D76197F000050CB /* JeevesAppTests */ = {
			isa = PBXFileSystemSynchronizedRootGroup;
			path = JeevesAppTests;
			sourceTree = "<group>";
		};
		7178B6D92D76197F000050CB /* JeevesAppUITests */ = {
			isa = PBXFileSystemSynchronizedRootGroup;
			path = JeevesAppUITests;
			sourceTree = "<group>";
		};
/* End PBXFileSystemSynchronizedRootGroup section */

/* Begin PBXFrameworksBuildPhase section */
		7178B6B42D76197E000050CB /* Frameworks */ = {
			isa = PBXFrameworksBuildPhase;
			buildActionMask = 2147483647;
			files = (
			);
			runOnlyForDeploymentPostprocessing = 0;
		};
		7178B6C92D76197F000050CB /* Frameworks */ = {
			isa = PBXFrameworksBuildPhase;
			buildActionMask = 2147483647;
			files = (
			);
			runOnlyForDeploymentPostprocessing = 0;
		};
		7178B6D32D76197F000050CB /* Frameworks */ = {
			isa = PBXFrameworksBuildPhase;
			buildActionMask = 2147483647;
			files = (
			);
			runOnlyForDeploymentPostprocessing = 0;
		};
/* End PBXFrameworksBuildPhase section */

/* Begin PBXGroup section */
		715E7D862D77B83600AD1371 /* Views */ = {
			isa = PBXGroup;
			children = (
				712F6BBA2D7A3EDB004CBFBC /* ContentView.swift */,
				715E7D8B2D77C5BA00AD1371 /* SessionTestView.swift */,
				715E7D842D77B7FA00AD1371 /* CloudKitTestView.swift */,
			);
			path = Views;
			sourceTree = "<group>";
		};
		715E7D8D2D77F8FA00AD1371 /* Agents */ = {
			isa = PBXGroup;
			children = (
				715E7D8E2D77F90A00AD1371 /* AIAgent.swift */,
			);
			path = Agents;
			sourceTree = "<group>";
		};
		715E7D8F2D77F92000AD1371 /* Utilities */ = {
			isa = PBXGroup;
			children = (
				715E7D9B2D7A233300AD1371 /* MockAgent.swift */,
				715E7D992D7A226A00AD1371 /* AgentTypes.swift */,
			);
			path = Utilities;
			sourceTree = "<group>";
		};
		715E7D972D77F98600AD1371 /* Coordinators */ = {
			isa = PBXGroup;
			children = (
				712F6BB92D7A3EB7004CBFBC /* AIAgentCoordinator.swift */,
			);
			path = Coordinators;
			sourceTree = "<group>";
		};
		7178B6AE2D76197E000050CB = {
			isa = PBXGroup;
			children = (
				715E7D972D77F98600AD1371 /* Coordinators */,
				715E7D8F2D77F92000AD1371 /* Utilities */,
				715E7D8D2D77F8FA00AD1371 /* Agents */,
				715E7D862D77B83600AD1371 /* Views */,
				715E7D662D7791F000AD1371 /* AttachmentEntity+CoreDataClass.swift */,
				715E7D672D7791F000AD1371 /* AttachmentEntity+CoreDataProperties.swift */,
				715E7D682D7791F000AD1371 /* BoardEntity+CoreDataClass.swift */,
				715E7D692D7791F000AD1371 /* BoardEntity+CoreDataProperties.swift */,
				715E7D6A2D7791F000AD1371 /* ColumnEntity+CoreDataClass.swift */,
				715E7D6B2D7791F000AD1371 /* ColumnEntity+CoreDataProperties.swift */,
				715E7D6C2D7791F000AD1371 /* CommandEntity+CoreDataClass.swift */,
				715E7D6D2D7791F000AD1371 /* CommandEntity+CoreDataProperties.swift */,
				715E7D6E2D7791F000AD1371 /* SessionMetadataEntity+CoreDataClass.swift */,
				715E7D6F2D7791F000AD1371 /* SessionMetadataEntity+CoreDataProperties.swift */,
				715E7D702D7791F000AD1371 /* SummaryEntity+CoreDataClass.swift */,
				715E7D712D7791F000AD1371 /* SummaryEntity+CoreDataProperties.swift */,
				715E7D722D7791F000AD1371 /* TaskEntity+CoreDataClass.swift */,
				715E7D732D7791F000AD1371 /* TaskEntity+CoreDataProperties.swift */,
				7178B6B92D76197E000050CB /* JeevesApp */,
				7178B6CF2D76197F000050CB /* JeevesAppTests */,
				7178B6D92D76197F000050CB /* JeevesAppUITests */,
				7178B6B82D76197E000050CB /* Products */,
			);
			sourceTree = "<group>";
		};
		7178B6B82D76197E000050CB /* Products */ = {
			isa = PBXGroup;
			children = (
				7178B6B72D76197E000050CB /* JeevesApp.app */,
				7178B6CC2D76197F000050CB /* JeevesAppTests.xctest */,
				7178B6D62D76197F000050CB /* JeevesAppUITests.xctest */,
			);
			name = Products;
			sourceTree = "<group>";
		};
/* End PBXGroup section */

/* Begin PBXNativeTarget section */
		7178B6B62D76197E000050CB /* JeevesApp */ = {
			isa = PBXNativeTarget;
			buildConfigurationList = 7178B6E02D76197F000050CB /* Build configuration list for PBXNativeTarget "JeevesApp" */;
			buildPhases = (
				7178B6B32D76197E000050CB /* Sources */,
				7178B6B42D76197E000050CB /* Frameworks */,
				7178B6B52D76197E000050CB /* Resources */,
			);
			buildRules = (
			);
			dependencies = (
			);
			fileSystemSynchronizedGroups = (
				7178B6B92D76197E000050CB /* JeevesApp */,
			);
			name = JeevesApp;
			packageProductDependencies = (
			);
			productName = JeevesApp;
			productReference = 7178B6B72D76197E000050CB /* JeevesApp.app */;
			productType = "com.apple.product-type.application";
		};
		7178B6CB2D76197F000050CB /* JeevesAppTests */ = {
			isa = PBXNativeTarget;
			buildConfigurationList = 7178B6E32D76197F000050CB /* Build configuration list for PBXNativeTarget "JeevesAppTests" */;
			buildPhases = (
				7178B6C82D76197F000050CB /* Sources */,
				7178B6C92D76197F000050CB /* Frameworks */,
				7178B6CA2D76197F000050CB /* Resources */,
			);
			buildRules = (
			);
			dependencies = (
				7178B6CE2D76197F000050CB /* PBXTargetDependency */,
			);
			fileSystemSynchronizedGroups = (
				7178B6CF2D76197F000050CB /* JeevesAppTests */,
			);
			name = JeevesAppTests;
			packageProductDependencies = (
			);
			productName = JeevesAppTests;
			productReference = 7178B6CC2D76197F000050CB /* JeevesAppTests.xctest */;
			productType = "com.apple.product-type.bundle.unit-test";
		};
		7178B6D52D76197F000050CB /* JeevesAppUITests */ = {
			isa = PBXNativeTarget;
			buildConfigurationList = 7178B6E62D76197F000050CB /* Build configuration list for PBXNativeTarget "JeevesAppUITests" */;
			buildPhases = (
				7178B6D22D76197F000050CB /* Sources */,
				7178B6D32D76197F000050CB /* Frameworks */,
				7178B6D42D76197F000050CB /* Resources */,
			);
			buildRules = (
			);
			dependencies = (
				7178B6D82D76197F000050CB /* PBXTargetDependency */,
			);
			fileSystemSynchronizedGroups = (
				7178B6D92D76197F000050CB /* JeevesAppUITests */,
			);
			name = JeevesAppUITests;
			packageProductDependencies = (
			);
			productName = JeevesAppUITests;
			productReference = 7178B6D62D76197F000050CB /* JeevesAppUITests.xctest */;
			productType = "com.apple.product-type.bundle.ui-testing";
		};
/* End PBXNativeTarget section */

/* Begin PBXProject section */
		7178B6AF2D76197E000050CB /* Project object */ = {
			isa = PBXProject;
			attributes = {
				BuildIndependentTargetsInParallel = 1;
				LastSwiftUpdateCheck = 1620;
				LastUpgradeCheck = 1620;
				TargetAttributes = {
					7178B6B62D76197E000050CB = {
						CreatedOnToolsVersion = 16.2;
					};
					7178B6CB2D76197F000050CB = {
						CreatedOnToolsVersion = 16.2;
						TestTargetID = 7178B6B62D76197E000050CB;
					};
					7178B6D52D76197F000050CB = {
						CreatedOnToolsVersion = 16.2;
						TestTargetID = 7178B6B62D76197E000050CB;
					};
				};
			};
			buildConfigurationList = 7178B6B22D76197E000050CB /* Build configuration list for PBXProject "JeevesApp" */;
			developmentRegion = en;
			hasScannedForEncodings = 0;
			knownRegions = (
				en,
				Base,
			);
			mainGroup = 7178B6AE2D76197E000050CB;
			minimizedProjectReferenceProxies = 1;
			preferredProjectObjectVersion = 77;
			productRefGroup = 7178B6B82D76197E000050CB /* Products */;
			projectDirPath = "";
			projectRoot = "";
			targets = (
				7178B6B62D76197E000050CB /* JeevesApp */,
				7178B6CB2D76197F000050CB /* JeevesAppTests */,
				7178B6D52D76197F000050CB /* JeevesAppUITests */,
			);
		};
/* End PBXProject section */

/* Begin PBXResourcesBuildPhase section */
		7178B6B52D76197E000050CB /* Resources */ = {
			isa = PBXResourcesBuildPhase;
			buildActionMask = 2147483647;
			files = (
			);
			runOnlyForDeploymentPostprocessing = 0;
		};
		7178B6CA2D76197F000050CB /* Resources */ = {
			isa = PBXResourcesBuildPhase;
			buildActionMask = 2147483647;
			files = (
			);
			runOnlyForDeploymentPostprocessing = 0;
		};
		7178B6D42D76197F000050CB /* Resources */ = {
			isa = PBXResourcesBuildPhase;
			buildActionMask = 2147483647;
			files = (
			);
			runOnlyForDeploymentPostprocessing = 0;
		};
/* End PBXResourcesBuildPhase section */

/* Begin PBXSourcesBuildPhase section */
		7178B6B32D76197E000050CB /* Sources */ = {
			isa = PBXSourcesBuildPhase;
			buildActionMask = 2147483647;
			files = (
				715E7D742D7791F000AD1371 /* SummaryEntity+CoreDataClass.swift in Sources */,
				715E7D752D7791F000AD1371 /* ColumnEntity+CoreDataClass.swift in Sources */,
				715E7D762D7791F000AD1371 /* SessionMetadataEntity+CoreDataProperties.swift in Sources */,
				715E7D772D7791F000AD1371 /* ColumnEntity+CoreDataProperties.swift in Sources */,
				715E7D782D7791F000AD1371 /* BoardEntity+CoreDataProperties.swift in Sources */,
				71911E242D7A43BD00244EAB /* AIAgentCoordinator.swift in Sources */,
				715E7D9A2D7A22EE00AD1371 /* AgentTypes.swift in Sources */,
				715E7D792D7791F000AD1371 /* CommandEntity+CoreDataClass.swift in Sources */,
				715E7D7A2D7791F000AD1371 /* BoardEntity+CoreDataClass.swift in Sources */,
				715E7D7B2D7791F000AD1371 /* TaskEntity+CoreDataProperties.swift in Sources */,
				715E7D852D77B7FA00AD1371 /* CloudKitTestView.swift in Sources */,
				71911E252D7A43C800244EAB /* ContentView.swift in Sources */,
				715E7D7C2D7791F000AD1371 /* CommandEntity+CoreDataProperties.swift in Sources */,
				715E7D7D2D7791F000AD1371 /* SessionMetadataEntity+CoreDataClass.swift in Sources */,
				715E7D7E2D7791F000AD1371 /* AttachmentEntity+CoreDataProperties.swift in Sources */,
				715E7D8C2D77C5BA00AD1371 /* SessionTestView.swift in Sources */,
				715E7D7F2D7791F000AD1371 /* SummaryEntity+CoreDataProperties.swift in Sources */,
				715E7D802D7791F000AD1371 /* TaskEntity+CoreDataClass.swift in Sources */,
				715E7D812D7791F000AD1371 /* AttachmentEntity+CoreDataClass.swift in Sources */,
				715E7D9C2D7A233300AD1371 /* MockAgent.swift in Sources */,
				715E7D9D2D7A235400AD1371 /* AIAgent.swift in Sources */,
			);
			runOnlyForDeploymentPostprocessing = 0;
		};
		7178B6C82D76197F000050CB /* Sources */ = {
			isa = PBXSourcesBuildPhase;
			buildActionMask = 2147483647;
			files = (
			);
			runOnlyForDeploymentPostprocessing = 0;
		};
		7178B6D22D76197F000050CB /* Sources */ = {
			isa = PBXSourcesBuildPhase;
			buildActionMask = 2147483647;
			files = (
			);
			runOnlyForDeploymentPostprocessing = 0;
		};
/* End PBXSourcesBuildPhase section */

/* Begin PBXTargetDependency section */
		7178B6CE2D76197F000050CB /* PBXTargetDependency */ = {
			isa = PBXTargetDependency;
			target = 7178B6B62D76197E000050CB /* JeevesApp */;
			targetProxy = 7178B6CD2D76197F000050CB /* PBXContainerItemProxy */;
		};
		7178B6D82D76197F000050CB /* PBXTargetDependency */ = {
			isa = PBXTargetDependency;
			target = 7178B6B62D76197E000050CB /* JeevesApp */;
			targetProxy = 7178B6D72D76197F000050CB /* PBXContainerItemProxy */;
		};
/* End PBXTargetDependency section */

/* Begin XCBuildConfiguration section */
		7178B6DE2D76197F000050CB /* Debug */ = {
			isa = XCBuildConfiguration;
			buildSettings = {
				ALWAYS_SEARCH_USER_PATHS = NO;
				ASSETCATALOG_COMPILER_GENERATE_SWIFT_ASSET_SYMBOL_EXTENSIONS = YES;
				CLANG_ANALYZER_NONNULL = YES;
				CLANG_ANALYZER_NUMBER_OBJECT_CONVERSION = YES_AGGRESSIVE;
				CLANG_CXX_LANGUAGE_STANDARD = "gnu++20";
				CLANG_ENABLE_MODULES = YES;
				CLANG_ENABLE_OBJC_ARC = YES;
				CLANG_ENABLE_OBJC_WEAK = YES;
				CLANG_WARN_BLOCK_CAPTURE_AUTORELEASING = YES;
				CLANG_WARN_BOOL_CONVERSION = YES;
				CLANG_WARN_COMMA = YES;
				CLANG_WARN_CONSTANT_CONVERSION = YES;
				CLANG_WARN_DEPRECATED_OBJC_IMPLEMENTATIONS = YES;
				CLANG_WARN_DIRECT_OBJC_ISA_USAGE = YES_ERROR;
				CLANG_WARN_DOCUMENTATION_COMMENTS = YES;
				CLANG_WARN_EMPTY_BODY = YES;
				CLANG_WARN_ENUM_CONVERSION = YES;
				CLANG_WARN_INFINITE_RECURSION = YES;
				CLANG_WARN_INT_CONVERSION = YES;
				CLANG_WARN_NON_LITERAL_NULL_CONVERSION = YES;
				CLANG_WARN_OBJC_IMPLICIT_RETAIN_SELF = YES;
				CLANG_WARN_OBJC_LITERAL_CONVERSION = YES;
				CLANG_WARN_OBJC_ROOT_CLASS = YES_ERROR;
				CLANG_WARN_QUOTED_INCLUDE_IN_FRAMEWORK_HEADER = YES;
				CLANG_WARN_RANGE_LOOP_ANALYSIS = YES;
				CLANG_WARN_STRICT_PROTOTYPES = YES;
				CLANG_WARN_SUSPICIOUS_MOVE = YES;
				CLANG_WARN_UNGUARDED_AVAILABILITY = YES_AGGRESSIVE;
				CLANG_WARN_UNREACHABLE_CODE = YES;
				CLANG_WARN__DUPLICATE_METHOD_MATCH = YES;
				COPY_PHASE_STRIP = NO;
				DEBUG_INFORMATION_FORMAT = dwarf;
				ENABLE_STRICT_OBJC_MSGSEND = YES;
				ENABLE_TESTABILITY = YES;
				ENABLE_USER_SCRIPT_SANDBOXING = YES;
				GCC_C_LANGUAGE_STANDARD = gnu17;
				GCC_DYNAMIC_NO_PIC = NO;
				GCC_NO_COMMON_BLOCKS = YES;
				GCC_OPTIMIZATION_LEVEL = 0;
				GCC_PREPROCESSOR_DEFINITIONS = (
					"DEBUG=1",
					"$(inherited)",
				);
				GCC_WARN_64_TO_32_BIT_CONVERSION = YES;
				GCC_WARN_ABOUT_RETURN_TYPE = YES_ERROR;
				GCC_WARN_UNDECLARED_SELECTOR = YES;
				GCC_WARN_UNINITIALIZED_AUTOS = YES_AGGRESSIVE;
				GCC_WARN_UNUSED_FUNCTION = YES;
				GCC_WARN_UNUSED_VARIABLE = YES;
				IPHONEOS_DEPLOYMENT_TARGET = 18.2;
				LOCALIZATION_PREFERS_STRING_CATALOGS = YES;
				MTL_ENABLE_DEBUG_INFO = INCLUDE_SOURCE;
				MTL_FAST_MATH = YES;
				ONLY_ACTIVE_ARCH = YES;
				SDKROOT = iphoneos;
				SWIFT_ACTIVE_COMPILATION_CONDITIONS = "DEBUG $(inherited)";
				SWIFT_OPTIMIZATION_LEVEL = "-Onone";
			};
			name = Debug;
		};
		7178B6DF2D76197F000050CB /* Release */ = {
			isa = XCBuildConfiguration;
			buildSettings = {
				ALWAYS_SEARCH_USER_PATHS = NO;
				ASSETCATALOG_COMPILER_GENERATE_SWIFT_ASSET_SYMBOL_EXTENSIONS = YES;
				CLANG_ANALYZER_NONNULL = YES;
				CLANG_ANALYZER_NUMBER_OBJECT_CONVERSION = YES_AGGRESSIVE;
				CLANG_CXX_LANGUAGE_STANDARD = "gnu++20";
				CLANG_ENABLE_MODULES = YES;
				CLANG_ENABLE_OBJC_ARC = YES;
				CLANG_ENABLE_OBJC_WEAK = YES;
				CLANG_WARN_BLOCK_CAPTURE_AUTORELEASING = YES;
				CLANG_WARN_BOOL_CONVERSION = YES;
				CLANG_WARN_COMMA = YES;
				CLANG_WARN_CONSTANT_CONVERSION = YES;
				CLANG_WARN_DEPRECATED_OBJC_IMPLEMENTATIONS = YES;
				CLANG_WARN_DIRECT_OBJC_ISA_USAGE = YES_ERROR;
				CLANG_WARN_DOCUMENTATION_COMMENTS = YES;
				CLANG_WARN_EMPTY_BODY = YES;
				CLANG_WARN_ENUM_CONVERSION = YES;
				CLANG_WARN_INFINITE_RECURSION = YES;
				CLANG_WARN_INT_CONVERSION = YES;
				CLANG_WARN_NON_LITERAL_NULL_CONVERSION = YES;
				CLANG_WARN_OBJC_IMPLICIT_RETAIN_SELF = YES;
				CLANG_WARN_OBJC_LITERAL_CONVERSION = YES;
				CLANG_WARN_OBJC_ROOT_CLASS = YES_ERROR;
				CLANG_WARN_QUOTED_INCLUDE_IN_FRAMEWORK_HEADER = YES;
				CLANG_WARN_RANGE_LOOP_ANALYSIS = YES;
				CLANG_WARN_STRICT_PROTOTYPES = YES;
				CLANG_WARN_SUSPICIOUS_MOVE = YES;
				CLANG_WARN_UNGUARDED_AVAILABILITY = YES_AGGRESSIVE;
				CLANG_WARN_UNREACHABLE_CODE = YES;
				CLANG_WARN__DUPLICATE_METHOD_MATCH = YES;
				COPY_PHASE_STRIP = NO;
				DEBUG_INFORMATION_FORMAT = "dwarf-with-dsym";
				ENABLE_NS_ASSERTIONS = NO;
				ENABLE_STRICT_OBJC_MSGSEND = YES;
				ENABLE_USER_SCRIPT_SANDBOXING = YES;
				GCC_C_LANGUAGE_STANDARD = gnu17;
				GCC_NO_COMMON_BLOCKS = YES;
				GCC_WARN_64_TO_32_BIT_CONVERSION = YES;
				GCC_WARN_ABOUT_RETURN_TYPE = YES_ERROR;
				GCC_WARN_UNDECLARED_SELECTOR = YES;
				GCC_WARN_UNINITIALIZED_AUTOS = YES_AGGRESSIVE;
				GCC_WARN_UNUSED_FUNCTION = YES;
				GCC_WARN_UNUSED_VARIABLE = YES;
				IPHONEOS_DEPLOYMENT_TARGET = 18.2;
				LOCALIZATION_PREFERS_STRING_CATALOGS = YES;
				MTL_ENABLE_DEBUG_INFO = NO;
				MTL_FAST_MATH = YES;
				SDKROOT = iphoneos;
				SWIFT_COMPILATION_MODE = wholemodule;
				VALIDATE_PRODUCT = YES;
			};
			name = Release;
		};
		7178B6E12D76197F000050CB /* Debug */ = {
			isa = XCBuildConfiguration;
			buildSettings = {
				ASSETCATALOG_COMPILER_APPICON_NAME = AppIcon;
				ASSETCATALOG_COMPILER_GLOBAL_ACCENT_COLOR_NAME = AccentColor;
				CODE_SIGN_ENTITLEMENTS = JeevesApp/JeevesApp.entitlements;
				CODE_SIGN_STYLE = Automatic;
				CURRENT_PROJECT_VERSION = 1;
				DEVELOPMENT_ASSET_PATHS = "\"JeevesApp/Preview Content\"";
				DEVELOPMENT_TEAM = Z5WF994WM3;
				ENABLE_PREVIEWS = YES;
				GENERATE_INFOPLIST_FILE = YES;
				INFOPLIST_FILE = JeevesApp/Info.plist;
				INFOPLIST_KEY_UIApplicationSceneManifest_Generation = YES;
				INFOPLIST_KEY_UIApplicationSupportsIndirectInputEvents = YES;
				INFOPLIST_KEY_UILaunchScreen_Generation = YES;
				INFOPLIST_KEY_UISupportedInterfaceOrientations_iPad = "";
				INFOPLIST_KEY_UISupportedInterfaceOrientations_iPhone = "UIInterfaceOrientationPortrait UIInterfaceOrientationLandscapeLeft UIInterfaceOrientationLandscapeRight";
				IPHONEOS_DEPLOYMENT_TARGET = 18.0;
				LD_RUNPATH_SEARCH_PATHS = (
					"$(inherited)",
					"@executable_path/Frameworks",
				);
				MARKETING_VERSION = 1.0;
				PRODUCT_BUNDLE_IDENTIFIER = mitch.JeevesApp;
				PRODUCT_NAME = "$(TARGET_NAME)";
				SWIFT_EMIT_LOC_STRINGS = YES;
				SWIFT_VERSION = 5.0;
				TARGETED_DEVICE_FAMILY = "1,2";
			};
			name = Debug;
		};
		7178B6E22D76197F000050CB /* Release */ = {
			isa = XCBuildConfiguration;
			buildSettings = {
				ASSETCATALOG_COMPILER_APPICON_NAME = AppIcon;
				ASSETCATALOG_COMPILER_GLOBAL_ACCENT_COLOR_NAME = AccentColor;
				CODE_SIGN_ENTITLEMENTS = JeevesApp/JeevesApp.entitlements;
				CODE_SIGN_STYLE = Automatic;
				CURRENT_PROJECT_VERSION = 1;
				DEVELOPMENT_ASSET_PATHS = "\"JeevesApp/Preview Content\"";
				DEVELOPMENT_TEAM = Z5WF994WM3;
				ENABLE_PREVIEWS = YES;
				GENERATE_INFOPLIST_FILE = YES;
				INFOPLIST_FILE = JeevesApp/Info.plist;
				INFOPLIST_KEY_UIApplicationSceneManifest_Generation = YES;
				INFOPLIST_KEY_UIApplicationSupportsIndirectInputEvents = YES;
				INFOPLIST_KEY_UILaunchScreen_Generation = YES;
				INFOPLIST_KEY_UISupportedInterfaceOrientations_iPad = "";
				INFOPLIST_KEY_UISupportedInterfaceOrientations_iPhone = "UIInterfaceOrientationPortrait UIInterfaceOrientationLandscapeLeft UIInterfaceOrientationLandscapeRight";
				IPHONEOS_DEPLOYMENT_TARGET = 18.0;
				LD_RUNPATH_SEARCH_PATHS = (
					"$(inherited)",
					"@executable_path/Frameworks",
				);
				MARKETING_VERSION = 1.0;
				PRODUCT_BUNDLE_IDENTIFIER = mitch.JeevesApp;
				PRODUCT_NAME = "$(TARGET_NAME)";
				SWIFT_EMIT_LOC_STRINGS = YES;
				SWIFT_VERSION = 5.0;
				TARGETED_DEVICE_FAMILY = "1,2";
			};
			name = Release;
		};
		7178B6E42D76197F000050CB /* Debug */ = {
			isa = XCBuildConfiguration;
			buildSettings = {
				BUNDLE_LOADER = "$(TEST_HOST)";
				CODE_SIGN_STYLE = Automatic;
				CURRENT_PROJECT_VERSION = 1;
				DEVELOPMENT_TEAM = Z5WF994WM3;
				GENERATE_INFOPLIST_FILE = YES;
				IPHONEOS_DEPLOYMENT_TARGET = 18.2;
				MARKETING_VERSION = 1.0;
				PRODUCT_BUNDLE_IDENTIFIER = mitch.JeevesAppTests;
				PRODUCT_NAME = "$(TARGET_NAME)";
				SWIFT_EMIT_LOC_STRINGS = NO;
				SWIFT_VERSION = 5.0;
				TARGETED_DEVICE_FAMILY = "1,2";
				TEST_HOST = "$(BUILT_PRODUCTS_DIR)/JeevesApp.app/$(BUNDLE_EXECUTABLE_FOLDER_PATH)/JeevesApp";
			};
			name = Debug;
		};
		7178B6E52D76197F000050CB /* Release */ = {
			isa = XCBuildConfiguration;
			buildSettings = {
				BUNDLE_LOADER = "$(TEST_HOST)";
				CODE_SIGN_STYLE = Automatic;
				CURRENT_PROJECT_VERSION = 1;
				DEVELOPMENT_TEAM = Z5WF994WM3;
				GENERATE_INFOPLIST_FILE = YES;
				IPHONEOS_DEPLOYMENT_TARGET = 18.2;
				MARKETING_VERSION = 1.0;
				PRODUCT_BUNDLE_IDENTIFIER = mitch.JeevesAppTests;
				PRODUCT_NAME = "$(TARGET_NAME)";
				SWIFT_EMIT_LOC_STRINGS = NO;
				SWIFT_VERSION = 5.0;
				TARGETED_DEVICE_FAMILY = "1,2";
				TEST_HOST = "$(BUILT_PRODUCTS_DIR)/JeevesApp.app/$(BUNDLE_EXECUTABLE_FOLDER_PATH)/JeevesApp";
			};
			name = Release;
		};
		7178B6E72D76197F000050CB /* Debug */ = {
			isa = XCBuildConfiguration;
			buildSettings = {
				CODE_SIGN_STYLE = Automatic;
				CURRENT_PROJECT_VERSION = 1;
				DEVELOPMENT_TEAM = Z5WF994WM3;
				GENERATE_INFOPLIST_FILE = YES;
				MARKETING_VERSION = 1.0;
				PRODUCT_BUNDLE_IDENTIFIER = mitch.JeevesAppUITests;
				PRODUCT_NAME = "$(TARGET_NAME)";
				SWIFT_EMIT_LOC_STRINGS = NO;
				SWIFT_VERSION = 5.0;
				TARGETED_DEVICE_FAMILY = "1,2";
				TEST_TARGET_NAME = JeevesApp;
			};
			name = Debug;
		};
		7178B6E82D76197F000050CB /* Release */ = {
			isa = XCBuildConfiguration;
			buildSettings = {
				CODE_SIGN_STYLE = Automatic;
				CURRENT_PROJECT_VERSION = 1;
				DEVELOPMENT_TEAM = Z5WF994WM3;
				GENERATE_INFOPLIST_FILE = YES;
				MARKETING_VERSION = 1.0;
				PRODUCT_BUNDLE_IDENTIFIER = mitch.JeevesAppUITests;
				PRODUCT_NAME = "$(TARGET_NAME)";
				SWIFT_EMIT_LOC_STRINGS = NO;
				SWIFT_VERSION = 5.0;
				TARGETED_DEVICE_FAMILY = "1,2";
				TEST_TARGET_NAME = JeevesApp;
			};
			name = Release;
		};
/* End XCBuildConfiguration section */

/* Begin XCConfigurationList section */
		7178B6B22D76197E000050CB /* Build configuration list for PBXProject "JeevesApp" */ = {
			isa = XCConfigurationList;
			buildConfigurations = (
				7178B6DE2D76197F000050CB /* Debug */,
				7178B6DF2D76197F000050CB /* Release */,
			);
			defaultConfigurationIsVisible = 0;
			defaultConfigurationName = Release;
		};
		7178B6E02D76197F000050CB /* Build configuration list for PBXNativeTarget "JeevesApp" */ = {
			isa = XCConfigurationList;
			buildConfigurations = (
				7178B6E12D76197F000050CB /* Debug */,
				7178B6E22D76197F000050CB /* Release */,
			);
			defaultConfigurationIsVisible = 0;
			defaultConfigurationName = Release;
		};
		7178B6E32D76197F000050CB /* Build configuration list for PBXNativeTarget "JeevesAppTests" */ = {
			isa = XCConfigurationList;
			buildConfigurations = (
				7178B6E42D76197F000050CB /* Debug */,
				7178B6E52D76197F000050CB /* Release */,
			);
			defaultConfigurationIsVisible = 0;
			defaultConfigurationName = Release;
		};
		7178B6E62D76197F000050CB /* Build configuration list for PBXNativeTarget "JeevesAppUITests" */ = {
			isa = XCConfigurationList;
			buildConfigurations = (
				7178B6E72D76197F000050CB /* Debug */,
				7178B6E82D76197F000050CB /* Release */,
			);
			defaultConfigurationIsVisible = 0;
			defaultConfigurationName = Release;
		};
/* End XCConfigurationList section */
	};
	rootObject = 7178B6AF2D76197E000050CB /* Project object */;
}
